github.com/benjaminRoberts01375/Gift-Guardian/DB v0.0.0-20250406204939-16074e38dde0 h1:0LItQwFp6DwfmBoAB1ejZ7Eyesmhex2uwNI4G87P2Xo=
github.com/benjaminRoberts01375/Gift-Guardian/DB v0.0.0-20250406204939-16074e38dde0/go.mod h1:2SbMLAiQqRxSNt8Zax2tpcK+KyLz/VqQjgRiZQlijlE=
github.com/benjaminRoberts01375/Go-Communicate v0.0.0-20250405140626-d36b209e2a7a h1:C5kWW/uQ49v4CvPXWXpdK2idcpWHHQijDHpNLrY69cI=
github.com/benjaminRoberts01375/Go-Communicate v0.0.0-20250405140626-d36b209e2a7a/go.mod h1:mEtpQ3sniksqo+auuV8RH/8FojtNkcKJFOd5dp0KO0s=
github.com/benjaminRoberts01375/Go-Communicate v0.0.0-20250406175748-379c2a8bdbf4 h1:IeN5YjP+26aodsN/Y3e+9MkHxYMt3legWgCPiY8T5C0=
github.com/benjaminRoberts01375/Go-Communicate v0.0.0-20250406175748-379c2a8bdbf4/go.mod h1:mEtpQ3sniksqo+auuV8RH/8FojtNkcKJFOd5dp0KO0s=
